// !$*UTF8*$!
{
	archiveVersion = 1;
	classes = {
	};
	objectVersion = 50;
	objects = {

/* Begin PBXBuildFile section */
		0D114D8E24F5B256009CD0E6 /* AppDelegate.swift in Sources */ = {isa = PBXBuildFile; fileRef = 0D114D8D24F5B256009CD0E6 /* AppDelegate.swift */; };
		0D114D9024F5B256009CD0E6 /* SceneDelegate.swift in Sources */ = {isa = PBXBuildFile; fileRef = 0D114D8F24F5B256009CD0E6 /* SceneDelegate.swift */; };
		0D114D9524F5B256009CD0E6 /* Main.storyboard in Resources */ = {isa = PBXBuildFile; fileRef = 0D114D9324F5B256009CD0E6 /* Main.storyboard */; };
		0D114D9724F5B259009CD0E6 /* Assets.xcassets in Resources */ = {isa = PBXBuildFile; fileRef = 0D114D9624F5B259009CD0E6 /* Assets.xcassets */; };
		0D114D9A24F5B259009CD0E6 /* LaunchScreen.storyboard in Resources */ = {isa = PBXBuildFile; fileRef = 0D114D9824F5B259009CD0E6 /* LaunchScreen.storyboard */; };
		0D114DA824F5B334009CD0E6 /* HomeController.swift in Sources */ = {isa = PBXBuildFile; fileRef = 0D114DA724F5B334009CD0E6 /* HomeController.swift */; };
		0D114DAA24F5B42C009CD0E6 /* Extensions.swift in Sources */ = {isa = PBXBuildFile; fileRef = 0D114DA924F5B42C009CD0E6 /* Extensions.swift */; };
		0D114DAC24F5B508009CD0E6 /* HomeNavigationStackView.swift in Sources */ = {isa = PBXBuildFile; fileRef = 0D114DAB24F5B508009CD0E6 /* HomeNavigationStackView.swift */; };
		0D114DAE24F5BDE0009CD0E6 /* BottomControlsStackView.swift in Sources */ = {isa = PBXBuildFile; fileRef = 0D114DAD24F5BDE0009CD0E6 /* BottomControlsStackView.swift */; };
		0D114DB024F5C2AD009CD0E6 /* CardView.swift in Sources */ = {isa = PBXBuildFile; fileRef = 0D114DAF24F5C2AD009CD0E6 /* CardView.swift */; };
/* End PBXBuildFile section */

/* Begin PBXFileReference section */
		0D114D8A24F5B256009CD0E6 /* TinderClone.app */ = {isa = PBXFileReference; explicitFileType = wrapper.application; includeInIndex = 0; path = TinderClone.app; sourceTree = BUILT_PRODUCTS_DIR; };
		0D114D8D24F5B256009CD0E6 /* AppDelegate.swift */ = {isa = PBXFileReference; lastKnownFileType = sourcecode.swift; path = AppDelegate.swift; sourceTree = "<group>"; };
		0D114D8F24F5B256009CD0E6 /* SceneDelegate.swift */ = {isa = PBXFileReference; lastKnownFileType = sourcecode.swift; path = SceneDelegate.swift; sourceTree = "<group>"; };
		0D114D9424F5B256009CD0E6 /* Base */ = {isa = PBXFileReference; lastKnownFileType = file.storyboard; name = Base; path = Base.lproj/Main.storyboard; sourceTree = "<group>"; };
		0D114D9624F5B259009CD0E6 /* Assets.xcassets */ = {isa = PBXFileReference; lastKnownFileType = folder.assetcatalog; path = Assets.xcassets; sourceTree = "<group>"; };
		0D114D9924F5B259009CD0E6 /* Base */ = {isa = PBXFileReference; lastKnownFileType = file.storyboard; name = Base; path = Base.lproj/LaunchScreen.storyboard; sourceTree = "<group>"; };
		0D114D9B24F5B259009CD0E6 /* Info.plist */ = {isa = PBXFileReference; lastKnownFileType = text.plist.xml; path = Info.plist; sourceTree = "<group>"; };
		0D114DA724F5B334009CD0E6 /* HomeController.swift */ = {isa = PBXFileReference; lastKnownFileType = sourcecode.swift; path = HomeController.swift; sourceTree = "<group>"; };
		0D114DA924F5B42C009CD0E6 /* Extensions.swift */ = {isa = PBXFileReference; fileEncoding = 4; lastKnownFileType = sourcecode.swift; path = Extensions.swift; sourceTree = "<group>"; };
		0D114DAB24F5B508009CD0E6 /* HomeNavigationStackView.swift */ = {isa = PBXFileReference; lastKnownFileType = sourcecode.swift; path = HomeNavigationStackView.swift; sourceTree = "<group>"; };
		0D114DAD24F5BDE0009CD0E6 /* BottomControlsStackView.swift */ = {isa = PBXFileReference; lastKnownFileType = sourcecode.swift; path = BottomControlsStackView.swift; sourceTree = "<group>"; };
		0D114DAF24F5C2AD009CD0E6 /* CardView.swift */ = {isa = PBXFileReference; lastKnownFileType = sourcecode.swift; path = CardView.swift; sourceTree = "<group>"; };
/* End PBXFileReference section */

/* Begin PBXFrameworksBuildPhase section */
		0D114D8724F5B256009CD0E6 /* Frameworks */ = {
			isa = PBXFrameworksBuildPhase;
			buildActionMask = 2147483647;
			files = (
			);
			runOnlyForDeploymentPostprocessing = 0;
		};
/* End PBXFrameworksBuildPhase section */

/* Begin PBXGroup section */
		0D114D8124F5B256009CD0E6 = {
			isa = PBXGroup;
			children = (
				0D114D8C24F5B256009CD0E6 /* TinderClone */,
				0D114D8B24F5B256009CD0E6 /* Products */,
			);
			sourceTree = "<group>";
		};
		0D114D8B24F5B256009CD0E6 /* Products */ = {
			isa = PBXGroup;
			children = (
				0D114D8A24F5B256009CD0E6 /* TinderClone.app */,
			);
			name = Products;
			sourceTree = "<group>";
		};
		0D114D8C24F5B256009CD0E6 /* TinderClone */ = {
			isa = PBXGroup;
			children = (
				0D114DA524F5B286009CD0E6 /* Model */,
				0D114DA424F5B283009CD0E6 /* View */,
				0D114DA324F5B281009CD0E6 /* ViewModel */,
				0D114DA224F5B27F009CD0E6 /* Controller */,
				0D114DA124F5B27B009CD0E6 /* API */,
				0D114DA624F5B2B2009CD0E6 /* Utils */,
				0D114D8D24F5B256009CD0E6 /* AppDelegate.swift */,
				0D114D8F24F5B256009CD0E6 /* SceneDelegate.swift */,
				0D114D9324F5B256009CD0E6 /* Main.storyboard */,
				0D114D9624F5B259009CD0E6 /* Assets.xcassets */,
				0D114D9824F5B259009CD0E6 /* LaunchScreen.storyboard */,
				0D114D9B24F5B259009CD0E6 /* Info.plist */,
			);
			path = TinderClone;
			sourceTree = "<group>";
		};
		0D114DA124F5B27B009CD0E6 /* API */ = {
			isa = PBXGroup;
			children = (
			);
			path = API;
			sourceTree = "<group>";
		};
		0D114DA224F5B27F009CD0E6 /* Controller */ = {
			isa = PBXGroup;
			children = (
				0D114DA724F5B334009CD0E6 /* HomeController.swift */,
			);
			path = Controller;
			sourceTree = "<group>";
		};
		0D114DA324F5B281009CD0E6 /* ViewModel */ = {
			isa = PBXGroup;
			children = (
			);
			path = ViewModel;
			sourceTree = "<group>";
		};
		0D114DA424F5B283009CD0E6 /* View */ = {
			isa = PBXGroup;
			children = (
				0D114DAB24F5B508009CD0E6 /* HomeNavigationStackView.swift */,
				0D114DAD24F5BDE0009CD0E6 /* BottomControlsStackView.swift */,
				0D114DAF24F5C2AD009CD0E6 /* CardView.swift */,
			);
			path = View;
			sourceTree = "<group>";
		};
		0D114DA524F5B286009CD0E6 /* Model */ = {
			isa = PBXGroup;
			children = (
			);
			path = Model;
			sourceTree = "<group>";
		};
		0D114DA624F5B2B2009CD0E6 /* Utils */ = {
			isa = PBXGroup;
			children = (
				0D114DA924F5B42C009CD0E6 /* Extensions.swift */,
			);
			path = Utils;
			sourceTree = "<group>";
		};
/* End PBXGroup section */

/* Begin PBXNativeTarget section */
		0D114D8924F5B256009CD0E6 /* TinderClone */ = {
			isa = PBXNativeTarget;
			buildConfigurationList = 0D114D9E24F5B259009CD0E6 /* Build configuration list for PBXNativeTarget "TinderClone" */;
			buildPhases = (
				0D114D8624F5B256009CD0E6 /* Sources */,
				0D114D8724F5B256009CD0E6 /* Frameworks */,
				0D114D8824F5B256009CD0E6 /* Resources */,
			);
			buildRules = (
			);
			dependencies = (
			);
			name = TinderClone;
			productName = TinderClone;
			productReference = 0D114D8A24F5B256009CD0E6 /* TinderClone.app */;
			productType = "com.apple.product-type.application";
		};
/* End PBXNativeTarget section */

/* Begin PBXProject section */
		0D114D8224F5B256009CD0E6 /* Project object */ = {
			isa = PBXProject;
			attributes = {
				LastSwiftUpdateCheck = 1130;
				LastUpgradeCheck = 1130;
				ORGANIZATIONNAME = "Juan Souza";
				TargetAttributes = {
					0D114D8924F5B256009CD0E6 = {
						CreatedOnToolsVersion = 11.3.1;
					};
				};
			};
			buildConfigurationList = 0D114D8524F5B256009CD0E6 /* Build configuration list for PBXProject "TinderClone" */;
			compatibilityVersion = "Xcode 9.3";
			developmentRegion = en;
			hasScannedForEncodings = 0;
			knownRegions = (
				en,
				Base,
			);
			mainGroup = 0D114D8124F5B256009CD0E6;
			productRefGroup = 0D114D8B24F5B256009CD0E6 /* Products */;
			projectDirPath = "";
			projectRoot = "";
			targets = (
				0D114D8924F5B256009CD0E6 /* TinderClone */,
			);
		};
/* End PBXProject section */

/* Begin PBXResourcesBuildPhase section */
		0D114D8824F5B256009CD0E6 /* Resources */ = {
			isa = PBXResourcesBuildPhase;
			buildActionMask = 2147483647;
			files = (
				0D114D9A24F5B259009CD0E6 /* LaunchScreen.storyboard in Resources */,
				0D114D9724F5B259009CD0E6 /* Assets.xcassets in Resources */,
				0D114D9524F5B256009CD0E6 /* Main.storyboard in Resources */,
			);
			runOnlyForDeploymentPostprocessing = 0;
		};
/* End PBXResourcesBuildPhase section */

/* Begin PBXSourcesBuildPhase section */
		0D114D8624F5B256009CD0E6 /* Sources */ = {
			isa = PBXSourcesBuildPhase;
			buildActionMask = 2147483647;
			files = (
				0D114DB024F5C2AD009CD0E6 /* CardView.swift in Sources */,
				0D114DAE24F5BDE0009CD0E6 /* BottomControlsStackView.swift in Sources */,
				0D114D8E24F5B256009CD0E6 /* AppDelegate.swift in Sources */,
				0D114DAC24F5B508009CD0E6 /* HomeNavigationStackView.swift in Sources */,
				0D114D9024F5B256009CD0E6 /* SceneDelegate.swift in Sources */,
				0D114DA824F5B334009CD0E6 /* HomeController.swift in Sources */,
				0D114DAA24F5B42C009CD0E6 /* Extensions.swift in Sources */,
			);
			runOnlyForDeploymentPostprocessing = 0;
		};
/* End PBXSourcesBuildPhase section */

/* Begin PBXVariantGroup section */
		0D114D9324F5B256009CD0E6 /* Main.storyboard */ = {
			isa = PBXVariantGroup;
			children = (
				0D114D9424F5B256009CD0E6 /* Base */,
			);
			name = Main.storyboard;
			sourceTree = "<group>";
		};
		0D114D9824F5B259009CD0E6 /* LaunchScreen.storyboard */ = {
			isa = PBXVariantGroup;
			children = (
				0D114D9924F5B259009CD0E6 /* Base */,
			);
			name = LaunchScreen.storyboard;
			sourceTree = "<group>";
		};
/* End PBXVariantGroup section */

/* Begin XCBuildConfiguration section */
		0D114D9C24F5B259009CD0E6 /* Debug */ = {
			isa = XCBuildConfiguration;
			buildSettings = {
				ALWAYS_SEARCH_USER_PATHS = NO;
				CLANG_ANALYZER_NONNULL = YES;
				CLANG_ANALYZER_NUMBER_OBJECT_CONVERSION = YES_AGGRESSIVE;
				CLANG_CXX_LANGUAGE_STANDARD = "gnu++14";
				CLANG_CXX_LIBRARY = "libc++";
				CLANG_ENABLE_MODULES = YES;
				CLANG_ENABLE_OBJC_ARC = YES;
				CLANG_ENABLE_OBJC_WEAK = YES;
				CLANG_WARN_BLOCK_CAPTURE_AUTORELEASING = YES;
				CLANG_WARN_BOOL_CONVERSION = YES;
				CLANG_WARN_COMMA = YES;
				CLANG_WARN_CONSTANT_CONVERSION = YES;
				CLANG_WARN_DEPRECATED_OBJC_IMPLEMENTATIONS = YES;
				CLANG_WARN_DIRECT_OBJC_ISA_USAGE = YES_ERROR;
				CLANG_WARN_DOCUMENTATION_COMMENTS = YES;
				CLANG_WARN_EMPTY_BODY = YES;
				CLANG_WARN_ENUM_CONVERSION = YES;
				CLANG_WARN_INFINITE_RECURSION = YES;
				CLANG_WARN_INT_CONVERSION = YES;
				CLANG_WARN_NON_LITERAL_NULL_CONVERSION = YES;
				CLANG_WARN_OBJC_IMPLICIT_RETAIN_SELF = YES;
				CLANG_WARN_OBJC_LITERAL_CONVERSION = YES;
				CLANG_WARN_OBJC_ROOT_CLASS = YES_ERROR;
				CLANG_WARN_RANGE_LOOP_ANALYSIS = YES;
				CLANG_WARN_STRICT_PROTOTYPES = YES;
				CLANG_WARN_SUSPICIOUS_MOVE = YES;
				CLANG_WARN_UNGUARDED_AVAILABILITY = YES_AGGRESSIVE;
				CLANG_WARN_UNREACHABLE_CODE = YES;
				CLANG_WARN__DUPLICATE_METHOD_MATCH = YES;
				COPY_PHASE_STRIP = NO;
				DEBUG_INFORMATION_FORMAT = dwarf;
				ENABLE_STRICT_OBJC_MSGSEND = YES;
				ENABLE_TESTABILITY = YES;
				GCC_C_LANGUAGE_STANDARD = gnu11;
				GCC_DYNAMIC_NO_PIC = NO;
				GCC_NO_COMMON_BLOCKS = YES;
				GCC_OPTIMIZATION_LEVEL = 0;
				GCC_PREPROCESSOR_DEFINITIONS = (
					"DEBUG=1",
					"$(inherited)",
				);
				GCC_WARN_64_TO_32_BIT_CONVERSION = YES;
				GCC_WARN_ABOUT_RETURN_TYPE = YES_ERROR;
				GCC_WARN_UNDECLARED_SELECTOR = YES;
				GCC_WARN_UNINITIALIZED_AUTOS = YES_AGGRESSIVE;
				GCC_WARN_UNUSED_FUNCTION = YES;
				GCC_WARN_UNUSED_VARIABLE = YES;
				IPHONEOS_DEPLOYMENT_TARGET = 13.2;
				MTL_ENABLE_DEBUG_INFO = INCLUDE_SOURCE;
				MTL_FAST_MATH = YES;
				ONLY_ACTIVE_ARCH = YES;
				SDKROOT = iphoneos;
				SWIFT_ACTIVE_COMPILATION_CONDITIONS = DEBUG;
				SWIFT_OPTIMIZATION_LEVEL = "-Onone";
			};
			name = Debug;
		};
		0D114D9D24F5B259009CD0E6 /* Release */ = {
			isa = XCBuildConfiguration;
			buildSettings = {
				ALWAYS_SEARCH_USER_PATHS = NO;
				CLANG_ANALYZER_NONNULL = YES;
				CLANG_ANALYZER_NUMBER_OBJECT_CONVERSION = YES_AGGRESSIVE;
				CLANG_CXX_LANGUAGE_STANDARD = "gnu++14";
				CLANG_CXX_LIBRARY = "libc++";
				CLANG_ENABLE_MODULES = YES;
				CLANG_ENABLE_OBJC_ARC = YES;
				CLANG_ENABLE_OBJC_WEAK = YES;
				CLANG_WARN_BLOCK_CAPTURE_AUTORELEASING = YES;
				CLANG_WARN_BOOL_CONVERSION = YES;
				CLANG_WARN_COMMA = YES;
				CLANG_WARN_CONSTANT_CONVERSION = YES;
				CLANG_WARN_DEPRECATED_OBJC_IMPLEMENTATIONS = YES;
				CLANG_WARN_DIRECT_OBJC_ISA_USAGE = YES_ERROR;
				CLANG_WARN_DOCUMENTATION_COMMENTS = YES;
				CLANG_WARN_EMPTY_BODY = YES;
				CLANG_WARN_ENUM_CONVERSION = YES;
				CLANG_WARN_INFINITE_RECURSION = YES;
				CLANG_WARN_INT_CONVERSION = YES;
				CLANG_WARN_NON_LITERAL_NULL_CONVERSION = YES;
				CLANG_WARN_OBJC_IMPLICIT_RETAIN_SELF = YES;
				CLANG_WARN_OBJC_LITERAL_CONVERSION = YES;
				CLANG_WARN_OBJC_ROOT_CLASS = YES_ERROR;
				CLANG_WARN_RANGE_LOOP_ANALYSIS = YES;
				CLANG_WARN_STRICT_PROTOTYPES = YES;
				CLANG_WARN_SUSPICIOUS_MOVE = YES;
				CLANG_WARN_UNGUARDED_AVAILABILITY = YES_AGGRESSIVE;
				CLANG_WARN_UNREACHABLE_CODE = YES;
				CLANG_WARN__DUPLICATE_METHOD_MATCH = YES;
				COPY_PHASE_STRIP = NO;
				DEBUG_INFORMATION_FORMAT = "dwarf-with-dsym";
				ENABLE_NS_ASSERTIONS = NO;
				ENABLE_STRICT_OBJC_MSGSEND = YES;
				GCC_C_LANGUAGE_STANDARD = gnu11;
				GCC_NO_COMMON_BLOCKS = YES;
				GCC_WARN_64_TO_32_BIT_CONVERSION = YES;
				GCC_WARN_ABOUT_RETURN_TYPE = YES_ERROR;
				GCC_WARN_UNDECLARED_SELECTOR = YES;
				GCC_WARN_UNINITIALIZED_AUTOS = YES_AGGRESSIVE;
				GCC_WARN_UNUSED_FUNCTION = YES;
				GCC_WARN_UNUSED_VARIABLE = YES;
				IPHONEOS_DEPLOYMENT_TARGET = 13.2;
				MTL_ENABLE_DEBUG_INFO = NO;
				MTL_FAST_MATH = YES;
				SDKROOT = iphoneos;
				SWIFT_COMPILATION_MODE = wholemodule;
				SWIFT_OPTIMIZATION_LEVEL = "-O";
				VALIDATE_PRODUCT = YES;
			};
			name = Release;
		};
		0D114D9F24F5B259009CD0E6 /* Debug */ = {
			isa = XCBuildConfiguration;
			buildSettings = {
				ASSETCATALOG_COMPILER_APPICON_NAME = AppIcon;
				CODE_SIGN_STYLE = Automatic;
				DEVELOPMENT_TEAM = 682P77XX9D;
				INFOPLIST_FILE = TinderClone/Info.plist;
				LD_RUNPATH_SEARCH_PATHS = (
					"$(inherited)",
					"@executable_path/Frameworks",
				);
				PRODUCT_BUNDLE_IDENTIFIER = com.juansouza.TinderClone;
				PRODUCT_NAME = "$(TARGET_NAME)";
				SWIFT_VERSION = 5.0;
				TARGETED_DEVICE_FAMILY = "1,2";
			};
			name = Debug;
		};
		0D114DA024F5B259009CD0E6 /* Release */ = {
			isa = XCBuildConfiguration;
			buildSettings = {
				ASSETCATALOG_COMPILER_APPICON_NAME = AppIcon;
				CODE_SIGN_STYLE = Automatic;
				DEVELOPMENT_TEAM = 682P77XX9D;
				INFOPLIST_FILE = TinderClone/Info.plist;
				LD_RUNPATH_SEARCH_PATHS = (
					"$(inherited)",
					"@executable_path/Frameworks",
				);
				PRODUCT_BUNDLE_IDENTIFIER = com.juansouza.TinderClone;
				PRODUCT_NAME = "$(TARGET_NAME)";
				SWIFT_VERSION = 5.0;
				TARGETED_DEVICE_FAMILY = "1,2";
			};
			name = Release;
		};
/* End XCBuildConfiguration section */

/* Begin XCConfigurationList section */
		0D114D8524F5B256009CD0E6 /* Build configuration list for PBXProject "TinderClone" */ = {
			isa = XCConfigurationList;
			buildConfigurations = (
				0D114D9C24F5B259009CD0E6 /* Debug */,
				0D114D9D24F5B259009CD0E6 /* Release */,
			);
			defaultConfigurationIsVisible = 0;
			defaultConfigurationName = Release;
		};
		0D114D9E24F5B259009CD0E6 /* Build configuration list for PBXNativeTarget "TinderClone" */ = {
			isa = XCConfigurationList;
			buildConfigurations = (
				0D114D9F24F5B259009CD0E6 /* Debug */,
				0D114DA024F5B259009CD0E6 /* Release */,
			);
			defaultConfigurationIsVisible = 0;
			defaultConfigurationName = Release;
		};
/* End XCConfigurationList section */
	};
	rootObject = 0D114D8224F5B256009CD0E6 /* Project object */;
}
